
Microsoft Visual Studio Solution File, Format Version 12.00
# Visual Studio 15
VisualStudioVersion = 15.0.27004.2002
MinimumVisualStudioVersion = 10.0.40219.1
Project("{FAE04EC0-301F-11D3-BF4B-00C04F79EFBC}") = "FriendOrganizer.UI", "FriendOrganizer.UI\FriendOrganizer.UI.csproj", "{04DF9CC6-5C2B-4ECA-9C31-9D623DEC0D93}"
EndProject
Project("{FAE04EC0-301F-11D3-BF4B-00C04F79EFBC}") = "FriendOrganizer.DataAccess", "FriendOrganizer.DataAccess\FriendOrganizer.DataAccess.csproj", "{190787D1-AD0F-4F2B-B9C7-69C11D14D6ED}"
EndProject
Project("{FAE04EC0-301F-11D3-BF4B-00C04F79EFBC}") = "FriendOrganizer.Model", "FriendOrganizer.Model\FriendOrganizer.Model.csproj", "{555CA6C5-0DF7-4D82-AF61-687E5FD81ACA}"
EndProject
Global
	GlobalSection(SolutionConfigurationPlatforms) = preSolution
		Debug|Any CPU = Debug|Any CPU
		Release|Any CPU = Release|Any CPU
	EndGlobalSection
	GlobalSection(ProjectConfigurationPlatforms) = postSolution
		{04DF9CC6-5C2B-4ECA-9C31-9D623DEC0D93}.Debug|Any CPU.ActiveCfg = Debug|Any CPU
		{04DF9CC6-5C2B-4ECA-9C31-9D623DEC0D93}.Debug|Any CPU.Build.0 = Debug|Any CPU
		{04DF9CC6-5C2B-4ECA-9C31-9D623DEC0D93}.Release|Any CPU.ActiveCfg = Release|Any CPU
		{04DF9CC6-5C2B-4ECA-9C31-9D623DEC0D93}.Release|Any CPU.Build.0 = Release|Any CPU
		{190787D1-AD0F-4F2B-B9C7-69C11D14D6ED}.Debug|Any CPU.ActiveCfg = Debug|Any CPU
		{190787D1-AD0F-4F2B-B9C7-69C11D14D6ED}.Debug|Any CPU.Build.0 = Debug|Any CPU
		{190787D1-AD0F-4F2B-B9C7-69C11D14D6ED}.Release|Any CPU.ActiveCfg = Release|Any CPU
		{190787D1-AD0F-4F2B-B9C7-69C11D14D6ED}.Release|Any CPU.Build.0 = Release|Any CPU
		{555CA6C5-0DF7-4D82-AF61-687E5FD81ACA}.Debug|Any CPU.ActiveCfg = Debug|Any CPU
		{555CA6C5-0DF7-4D82-AF61-687E5FD81ACA}.Debug|Any CPU.Build.0 = Debug|Any CPU
		{555CA6C5-0DF7-4D82-AF61-687E5FD81ACA}.Release|Any CPU.ActiveCfg = Release|Any CPU
		{555CA6C5-0DF7-4D82-AF61-687E5FD81ACA}.Release|Any CPU.Build.0 = Release|Any CPU
	EndGlobalSection
	GlobalSection(SolutionProperties) = preSolution
		HideSolutionNode = FALSE
	EndGlobalSection
	GlobalSection(ExtensibilityGlobals) = postSolution
		SolutionGuid = {A261D7F6-070B-4CE9-9E44-D02CE1CC7303}
	EndGlobalSection
EndGlobal
